
Microsoft Visual Studio Solution File, Format Version 12.00
# Visual Studio Version 16
VisualStudioVersion = 16.0.29519.181
MinimumVisualStudioVersion = 10.0.40219.1
Project("{FAE04EC0-301F-11D3-BF4B-00C04F79EFBC}") = "ConsoleApp1", "ConsoleApp1\ConsoleApp1.csproj", "{EDA5AC94-5754-4467-B1A1-9707AA0FCD04}"
EndProject
Project("{FAE04EC0-301F-11D3-BF4B-00C04F79EFBC}") = "ClassLibrary1", "ClassLibrary1\ClassLibrary1.csproj", "{A16381EC-953C-4F20-8BB1-BD587378C204}"
EndProject
Project("{FAE04EC0-301F-11D3-BF4B-00C04F79EFBC}") = "ClassLibrary2", "ClassLibrary2\ClassLibrary2.csproj", "{E9D094F6-6B8A-429D-B993-CDB3703B42F5}"
EndProject
Project("{FAE04EC0-301F-11D3-BF4B-00C04F79EFBC}") = "ClassLibrary3", "ClassLibrary3\ClassLibrary3.csproj", "{BE9613B7-B62C-49A5-BFD6-1C332E5CC79D}"
EndProject
Project("{FAE04EC0-301F-11D3-BF4B-00C04F79EFBC}") = "ConsoleApp2_SOLID", "ConsoleApp2_SOLID\ConsoleApp2_SOLID.csproj", "{AFF76B8A-277E-4A61-AB98-0FB84389E2D1}"
EndProject
Project("{FAE04EC0-301F-11D3-BF4B-00C04F79EFBC}") = "ConsoleApp3_Operators_Cast", "ConsoleApp3_Operators_Cast\ConsoleApp3_Operators_Cast.csproj", "{8EC27A7B-C4A3-4743-A1C8-BD147EC3B9F1}"
EndProject
Project("{FAE04EC0-301F-11D3-BF4B-00C04F79EFBC}") = "ConsoleApp4_Equality", "ConsoleApp4_Equality\ConsoleApp4_Equality.csproj", "{A4B3FBC4-C50C-46EE-8909-8BE013A6AA29}"
EndProject
Project("{FAE04EC0-301F-11D3-BF4B-00C04F79EFBC}") = "ConsoleApp5_Override", "ConsoleApp5_Override\ConsoleApp5_Override.csproj", "{76C97F7B-1873-4700-8AB7-2260B1BB17F5}"
EndProject
Project("{FAE04EC0-301F-11D3-BF4B-00C04F79EFBC}") = "ConsoleApp6_TypeCasting", "ConsoleApp6_TypeCasting\ConsoleApp6_TypeCasting.csproj", "{96E3A64F-5A8F-43AE-AB1D-0485EBA71969}"
EndProject
Project("{FAE04EC0-301F-11D3-BF4B-00C04F79EFBC}") = "ConsoleApp7_ConvertProject", "ConsoleApp7_ConvertProject\ConsoleApp7_ConvertProject.csproj", "{A6C4D0D7-691A-49AA-B44B-D9EBFC305100}"
EndProject
Project("{FAE04EC0-301F-11D3-BF4B-00C04F79EFBC}") = "ConsoleApp8_Delegates", "ConsoleApp8_Delegates\ConsoleApp8_Delegates.csproj", "{8A3F18BB-37A7-4595-A87A-AE26164202C4}"
EndProject
Global
	GlobalSection(SolutionConfigurationPlatforms) = preSolution
		Debug|Any CPU = Debug|Any CPU
		Release|Any CPU = Release|Any CPU
	EndGlobalSection
	GlobalSection(ProjectConfigurationPlatforms) = postSolution
		{EDA5AC94-5754-4467-B1A1-9707AA0FCD04}.Debug|Any CPU.ActiveCfg = Debug|Any CPU
		{EDA5AC94-5754-4467-B1A1-9707AA0FCD04}.Debug|Any CPU.Build.0 = Debug|Any CPU
		{EDA5AC94-5754-4467-B1A1-9707AA0FCD04}.Release|Any CPU.ActiveCfg = Release|Any CPU
		{EDA5AC94-5754-4467-B1A1-9707AA0FCD04}.Release|Any CPU.Build.0 = Release|Any CPU
		{A16381EC-953C-4F20-8BB1-BD587378C204}.Debug|Any CPU.ActiveCfg = Debug|Any CPU
		{A16381EC-953C-4F20-8BB1-BD587378C204}.Debug|Any CPU.Build.0 = Debug|Any CPU
		{A16381EC-953C-4F20-8BB1-BD587378C204}.Release|Any CPU.ActiveCfg = Release|Any CPU
		{A16381EC-953C-4F20-8BB1-BD587378C204}.Release|Any CPU.Build.0 = Release|Any CPU
		{E9D094F6-6B8A-429D-B993-CDB3703B42F5}.Debug|Any CPU.ActiveCfg = Debug|Any CPU
		{E9D094F6-6B8A-429D-B993-CDB3703B42F5}.Debug|Any CPU.Build.0 = Debug|Any CPU
		{E9D094F6-6B8A-429D-B993-CDB3703B42F5}.Release|Any CPU.ActiveCfg = Release|Any CPU
		{E9D094F6-6B8A-429D-B993-CDB3703B42F5}.Release|Any CPU.Build.0 = Release|Any CPU
		{BE9613B7-B62C-49A5-BFD6-1C332E5CC79D}.Debug|Any CPU.ActiveCfg = Debug|Any CPU
		{BE9613B7-B62C-49A5-BFD6-1C332E5CC79D}.Debug|Any CPU.Build.0 = Debug|Any CPU
		{BE9613B7-B62C-49A5-BFD6-1C332E5CC79D}.Release|Any CPU.ActiveCfg = Release|Any CPU
		{BE9613B7-B62C-49A5-BFD6-1C332E5CC79D}.Release|Any CPU.Build.0 = Release|Any CPU
		{AFF76B8A-277E-4A61-AB98-0FB84389E2D1}.Debug|Any CPU.ActiveCfg = Debug|Any CPU
		{AFF76B8A-277E-4A61-AB98-0FB84389E2D1}.Debug|Any CPU.Build.0 = Debug|Any CPU
		{AFF76B8A-277E-4A61-AB98-0FB84389E2D1}.Release|Any CPU.ActiveCfg = Release|Any CPU
		{AFF76B8A-277E-4A61-AB98-0FB84389E2D1}.Release|Any CPU.Build.0 = Release|Any CPU
		{8EC27A7B-C4A3-4743-A1C8-BD147EC3B9F1}.Debug|Any CPU.ActiveCfg = Debug|Any CPU
		{8EC27A7B-C4A3-4743-A1C8-BD147EC3B9F1}.Debug|Any CPU.Build.0 = Debug|Any CPU
		{8EC27A7B-C4A3-4743-A1C8-BD147EC3B9F1}.Release|Any CPU.ActiveCfg = Release|Any CPU
		{8EC27A7B-C4A3-4743-A1C8-BD147EC3B9F1}.Release|Any CPU.Build.0 = Release|Any CPU
		{A4B3FBC4-C50C-46EE-8909-8BE013A6AA29}.Debug|Any CPU.ActiveCfg = Debug|Any CPU
		{A4B3FBC4-C50C-46EE-8909-8BE013A6AA29}.Debug|Any CPU.Build.0 = Debug|Any CPU
		{A4B3FBC4-C50C-46EE-8909-8BE013A6AA29}.Release|Any CPU.ActiveCfg = Release|Any CPU
		{A4B3FBC4-C50C-46EE-8909-8BE013A6AA29}.Release|Any CPU.Build.0 = Release|Any CPU
		{76C97F7B-1873-4700-8AB7-2260B1BB17F5}.Debug|Any CPU.ActiveCfg = Debug|Any CPU
		{76C97F7B-1873-4700-8AB7-2260B1BB17F5}.Debug|Any CPU.Build.0 = Debug|Any CPU
		{76C97F7B-1873-4700-8AB7-2260B1BB17F5}.Release|Any CPU.ActiveCfg = Release|Any CPU
		{76C97F7B-1873-4700-8AB7-2260B1BB17F5}.Release|Any CPU.Build.0 = Release|Any CPU
		{96E3A64F-5A8F-43AE-AB1D-0485EBA71969}.Debug|Any CPU.ActiveCfg = Debug|Any CPU
		{96E3A64F-5A8F-43AE-AB1D-0485EBA71969}.Debug|Any CPU.Build.0 = Debug|Any CPU
		{96E3A64F-5A8F-43AE-AB1D-0485EBA71969}.Release|Any CPU.ActiveCfg = Release|Any CPU
		{96E3A64F-5A8F-43AE-AB1D-0485EBA71969}.Release|Any CPU.Build.0 = Release|Any CPU
		{A6C4D0D7-691A-49AA-B44B-D9EBFC305100}.Debug|Any CPU.ActiveCfg = Debug|Any CPU
		{A6C4D0D7-691A-49AA-B44B-D9EBFC305100}.Debug|Any CPU.Build.0 = Debug|Any CPU
		{A6C4D0D7-691A-49AA-B44B-D9EBFC305100}.Release|Any CPU.ActiveCfg = Release|Any CPU
		{A6C4D0D7-691A-49AA-B44B-D9EBFC305100}.Release|Any CPU.Build.0 = Release|Any CPU
		{8A3F18BB-37A7-4595-A87A-AE26164202C4}.Debug|Any CPU.ActiveCfg = Debug|Any CPU
		{8A3F18BB-37A7-4595-A87A-AE26164202C4}.Debug|Any CPU.Build.0 = Debug|Any CPU
		{8A3F18BB-37A7-4595-A87A-AE26164202C4}.Release|Any CPU.ActiveCfg = Release|Any CPU
		{8A3F18BB-37A7-4595-A87A-AE26164202C4}.Release|Any CPU.Build.0 = Release|Any CPU
	EndGlobalSection
	GlobalSection(SolutionProperties) = preSolution
		HideSolutionNode = FALSE
	EndGlobalSection
	GlobalSection(ExtensibilityGlobals) = postSolution
		SolutionGuid = {B1A680C4-5CE4-4038-A95E-398C33417C83}
	EndGlobalSection
EndGlobal
