
Microsoft Visual Studio Solution File, Format Version 12.00
# Visual Studio Version 17
VisualStudioVersion = 17.1.32210.238
MinimumVisualStudioVersion = 10.0.40219.1
Project("{2150E333-8FDC-42A3-9474-1A3956D46DE8}") = "01-core", "01-core", "{D233C2CE-0097-443F-9546-C289F612754D}"
EndProject
Project("{2150E333-8FDC-42A3-9474-1A3956D46DE8}") = "02-Infrastructure", "02-Infrastructure", "{5300DC89-4274-4299-8EFF-6E029335662F}"
EndProject
Project("{2150E333-8FDC-42A3-9474-1A3956D46DE8}") = "03-Application", "03-Application", "{9B1E5F2D-B241-4FE3-AFCD-3FEAD65C3632}"
EndProject
Project("{2150E333-8FDC-42A3-9474-1A3956D46DE8}") = "04-API", "04-API", "{736F864F-203A-48DD-B565-C6BA9725811C}"
EndProject
Project("{FAE04EC0-301F-11D3-BF4B-00C04F79EFBC}") = "API", "API\API.csproj", "{CE4C3CB0-44BD-4C04-87B2-30A0101E6FE6}"
EndProject
Project("{FAE04EC0-301F-11D3-BF4B-00C04F79EFBC}") = "Application", "Application\Application.csproj", "{AA22CFEE-5C01-45BB-BC66-CE0C9F85074C}"
EndProject
Project("{FAE04EC0-301F-11D3-BF4B-00C04F79EFBC}") = "Infrastructure", "Infrastructure\Infrastructure.csproj", "{75623166-6EE9-42F3-B3C6-CC8787DD1305}"
EndProject
Project("{FAE04EC0-301F-11D3-BF4B-00C04F79EFBC}") = "Core", "Core\Core.csproj", "{77D4F649-8273-42CE-8FCF-7F8BD2D776F2}"
EndProject
Global
	GlobalSection(SolutionConfigurationPlatforms) = preSolution
		Debug|Any CPU = Debug|Any CPU
		Release|Any CPU = Release|Any CPU
	EndGlobalSection
	GlobalSection(ProjectConfigurationPlatforms) = postSolution
		{CE4C3CB0-44BD-4C04-87B2-30A0101E6FE6}.Debug|Any CPU.ActiveCfg = Debug|Any CPU
		{CE4C3CB0-44BD-4C04-87B2-30A0101E6FE6}.Debug|Any CPU.Build.0 = Debug|Any CPU
		{CE4C3CB0-44BD-4C04-87B2-30A0101E6FE6}.Release|Any CPU.ActiveCfg = Release|Any CPU
		{CE4C3CB0-44BD-4C04-87B2-30A0101E6FE6}.Release|Any CPU.Build.0 = Release|Any CPU
		{AA22CFEE-5C01-45BB-BC66-CE0C9F85074C}.Debug|Any CPU.ActiveCfg = Debug|Any CPU
		{AA22CFEE-5C01-45BB-BC66-CE0C9F85074C}.Debug|Any CPU.Build.0 = Debug|Any CPU
		{AA22CFEE-5C01-45BB-BC66-CE0C9F85074C}.Release|Any CPU.ActiveCfg = Release|Any CPU
		{AA22CFEE-5C01-45BB-BC66-CE0C9F85074C}.Release|Any CPU.Build.0 = Release|Any CPU
		{75623166-6EE9-42F3-B3C6-CC8787DD1305}.Debug|Any CPU.ActiveCfg = Debug|Any CPU
		{75623166-6EE9-42F3-B3C6-CC8787DD1305}.Debug|Any CPU.Build.0 = Debug|Any CPU
		{75623166-6EE9-42F3-B3C6-CC8787DD1305}.Release|Any CPU.ActiveCfg = Release|Any CPU
		{75623166-6EE9-42F3-B3C6-CC8787DD1305}.Release|Any CPU.Build.0 = Release|Any CPU
		{77D4F649-8273-42CE-8FCF-7F8BD2D776F2}.Debug|Any CPU.ActiveCfg = Debug|Any CPU
		{77D4F649-8273-42CE-8FCF-7F8BD2D776F2}.Debug|Any CPU.Build.0 = Debug|Any CPU
		{77D4F649-8273-42CE-8FCF-7F8BD2D776F2}.Release|Any CPU.ActiveCfg = Release|Any CPU
		{77D4F649-8273-42CE-8FCF-7F8BD2D776F2}.Release|Any CPU.Build.0 = Release|Any CPU
	EndGlobalSection
	GlobalSection(SolutionProperties) = preSolution
		HideSolutionNode = FALSE
	EndGlobalSection
	GlobalSection(NestedProjects) = preSolution
		{CE4C3CB0-44BD-4C04-87B2-30A0101E6FE6} = {736F864F-203A-48DD-B565-C6BA9725811C}
		{AA22CFEE-5C01-45BB-BC66-CE0C9F85074C} = {9B1E5F2D-B241-4FE3-AFCD-3FEAD65C3632}
		{75623166-6EE9-42F3-B3C6-CC8787DD1305} = {5300DC89-4274-4299-8EFF-6E029335662F}
		{77D4F649-8273-42CE-8FCF-7F8BD2D776F2} = {D233C2CE-0097-443F-9546-C289F612754D}
	EndGlobalSection
	GlobalSection(ExtensibilityGlobals) = postSolution
		SolutionGuid = {83EE0BF4-5F9E-4C86-B1D9-2058A0356098}
	EndGlobalSection
EndGlobal
