
Microsoft Visual Studio Solution File, Format Version 12.00
# Visual Studio Version 17
VisualStudioVersion = 17.1.32210.238
MinimumVisualStudioVersion = 10.0.40219.1
Project("{FAE04EC0-301F-11D3-BF4B-00C04F79EFBC}") = "Contacts.API", "Contacts.API\Contacts.API.csproj", "{CCD9B920-AF57-4D29-83A6-8EA52ABF9DAA}"
EndProject
Global
	GlobalSection(SolutionConfigurationPlatforms) = preSolution
		Debug|Any CPU = Debug|Any CPU
		Release|Any CPU = Release|Any CPU
	EndGlobalSection
	GlobalSection(ProjectConfigurationPlatforms) = postSolution
		{CCD9B920-AF57-4D29-83A6-8EA52ABF9DAA}.Debug|Any CPU.ActiveCfg = Debug|Any CPU
		{CCD9B920-AF57-4D29-83A6-8EA52ABF9DAA}.Debug|Any CPU.Build.0 = Debug|Any CPU
		{CCD9B920-AF57-4D29-83A6-8EA52ABF9DAA}.Release|Any CPU.ActiveCfg = Release|Any CPU
		{CCD9B920-AF57-4D29-83A6-8EA52ABF9DAA}.Release|Any CPU.Build.0 = Release|Any CPU
	EndGlobalSection
	GlobalSection(SolutionProperties) = preSolution
		HideSolutionNode = FALSE
	EndGlobalSection
	GlobalSection(ExtensibilityGlobals) = postSolution
		SolutionGuid = {E4890F1E-933B-4F82-AAF8-BF8B383F8641}
	EndGlobalSection
EndGlobal
