
Microsoft Visual Studio Solution File, Format Version 12.00
# Visual Studio Version 17
VisualStudioVersion = 17.1.32210.238
MinimumVisualStudioVersion = 10.0.40219.1
Project("{FAE04EC0-301F-11D3-BF4B-00C04F79EFBC}") = "EFCore_TestProject", "EFCore_TestProject\EFCore_TestProject.csproj", "{29A6714E-EB67-4503-8D0D-DAC5AE565865}"
EndProject
Global
	GlobalSection(SolutionConfigurationPlatforms) = preSolution
		Debug|Any CPU = Debug|Any CPU
		Release|Any CPU = Release|Any CPU
	EndGlobalSection
	GlobalSection(ProjectConfigurationPlatforms) = postSolution
		{29A6714E-EB67-4503-8D0D-DAC5AE565865}.Debug|Any CPU.ActiveCfg = Debug|Any CPU
		{29A6714E-EB67-4503-8D0D-DAC5AE565865}.Debug|Any CPU.Build.0 = Debug|Any CPU
		{29A6714E-EB67-4503-8D0D-DAC5AE565865}.Release|Any CPU.ActiveCfg = Release|Any CPU
		{29A6714E-EB67-4503-8D0D-DAC5AE565865}.Release|Any CPU.Build.0 = Release|Any CPU
	EndGlobalSection
	GlobalSection(SolutionProperties) = preSolution
		HideSolutionNode = FALSE
	EndGlobalSection
	GlobalSection(ExtensibilityGlobals) = postSolution
		SolutionGuid = {6EE67FC2-688A-4991-BA8C-C516FAC6EC77}
	EndGlobalSection
EndGlobal
